
Microsoft Visual Studio Solution File, Format Version 12.00
# Visual Studio Version 17
VisualStudioVersion = 17.3.32519.111
MinimumVisualStudioVersion = 10.0.40219.1
Project("{FAE04EC0-301F-11D3-BF4B-00C04F79EFBC}") = "Branching", "Branching\Branching.csproj", "{7B3701BD-0D15-486A-8836-A6DF063BD1FC}"
EndProject
Project("{FAE04EC0-301F-11D3-BF4B-00C04F79EFBC}") = "Branching.Repository", "Branching.Repository\Branching.Repository.csproj", "{C66382A4-37C7-49C8-B96C-A14FFF041446}"
EndProject
Project("{FAE04EC0-301F-11D3-BF4B-00C04F79EFBC}") = "Branching.API", "Branching.API\Branching.API.csproj", "{187E346F-2A22-41CF-8105-0A1152A1CAED}"
EndProject
Global
	GlobalSection(SolutionConfigurationPlatforms) = preSolution
		Debug|Any CPU = Debug|Any CPU
		Release|Any CPU = Release|Any CPU
	EndGlobalSection
	GlobalSection(ProjectConfigurationPlatforms) = postSolution
		{7B3701BD-0D15-486A-8836-A6DF063BD1FC}.Debug|Any CPU.ActiveCfg = Debug|Any CPU
		{7B3701BD-0D15-486A-8836-A6DF063BD1FC}.Debug|Any CPU.Build.0 = Debug|Any CPU
		{7B3701BD-0D15-486A-8836-A6DF063BD1FC}.Release|Any CPU.ActiveCfg = Release|Any CPU
		{7B3701BD-0D15-486A-8836-A6DF063BD1FC}.Release|Any CPU.Build.0 = Release|Any CPU
		{C66382A4-37C7-49C8-B96C-A14FFF041446}.Debug|Any CPU.ActiveCfg = Debug|Any CPU
		{C66382A4-37C7-49C8-B96C-A14FFF041446}.Debug|Any CPU.Build.0 = Debug|Any CPU
		{C66382A4-37C7-49C8-B96C-A14FFF041446}.Release|Any CPU.ActiveCfg = Release|Any CPU
		{C66382A4-37C7-49C8-B96C-A14FFF041446}.Release|Any CPU.Build.0 = Release|Any CPU
		{187E346F-2A22-41CF-8105-0A1152A1CAED}.Debug|Any CPU.ActiveCfg = Debug|Any CPU
		{187E346F-2A22-41CF-8105-0A1152A1CAED}.Debug|Any CPU.Build.0 = Debug|Any CPU
		{187E346F-2A22-41CF-8105-0A1152A1CAED}.Release|Any CPU.ActiveCfg = Release|Any CPU
		{187E346F-2A22-41CF-8105-0A1152A1CAED}.Release|Any CPU.Build.0 = Release|Any CPU
	EndGlobalSection
	GlobalSection(SolutionProperties) = preSolution
		HideSolutionNode = FALSE
	EndGlobalSection
	GlobalSection(ExtensibilityGlobals) = postSolution
		SolutionGuid = {D0F61176-1BBA-48FE-B203-8C236F2230CF}
	EndGlobalSection
EndGlobal
